
Microsoft Visual Studio Solution File, Format Version 12.00
# Visual Studio Version 16
VisualStudioVersion = 16.0.30011.22
MinimumVisualStudioVersion = 15.0.26124.0
Project("{2150E333-8FDC-42A3-9474-1A3956D46DE8}") = "api", "api", "{FB4BF9E5-8732-49D1-8418-905517585501}"
EndProject
Project("{9A19103F-16F7-4668-BE54-9A1E7A4F7556}") = "eShop.Basket", "api\eShop.Basket\eShop.Basket.csproj", "{6A7D0872-B1CB-4D85-827D-DDEE37A431C5}"
EndProject
Project("{9A19103F-16F7-4668-BE54-9A1E7A4F7556}") = "eShop.Catalog", "api\eShop.Catalog\eShop.Catalog.csproj", "{713A84B6-70B4-4FFC-AAA1-9B8611912E6F}"
EndProject
Project("{9A19103F-16F7-4668-BE54-9A1E7A4F7556}") = "eShop.Identity", "api\eShop.Identity\eShop.Identity.csproj", "{11816D70-4992-46CA-A086-C0FDBE139D61}"
EndProject
Project("{2150E333-8FDC-42A3-9474-1A3956D46DE8}") = "commun", "commun", "{DE1A1360-33F9-45C7-A1DE-4FC1DC65B8D8}"
EndProject
Project("{9A19103F-16F7-4668-BE54-9A1E7A4F7556}") = "eShop.Common", "commun\eShop.Common\eShop.Common.csproj", "{13FBFFAF-5ABE-4DDD-B1BA-E690D839FDEE}"
EndProject
Project("{2150E333-8FDC-42A3-9474-1A3956D46DE8}") = "gateway", "gateway", "{391F4506-BF68-4BDA-BD44-03982F813B87}"
EndProject
Project("{FAE04EC0-301F-11D3-BF4B-00C04F79EFBC}") = "eShop.Gateway", "gateway\eShop.Gateway\eShop.Gateway.csproj", "{003EC47F-1693-4A61-BE84-463CD888112F}"
EndProject
Project("{FAE04EC0-301F-11D3-BF4B-00C04F79EFBC}") = "eShop.Order", "api\eShop.Order\eShop.Order.csproj", "{A1EC7CB8-535E-4CB1-86A2-2B1350572C51}"
EndProject
Global
	GlobalSection(SolutionConfigurationPlatforms) = preSolution
		Debug|Any CPU = Debug|Any CPU
		Debug|x64 = Debug|x64
		Debug|x86 = Debug|x86
		Release|Any CPU = Release|Any CPU
		Release|x64 = Release|x64
		Release|x86 = Release|x86
	EndGlobalSection
	GlobalSection(ProjectConfigurationPlatforms) = postSolution
		{6A7D0872-B1CB-4D85-827D-DDEE37A431C5}.Debug|Any CPU.ActiveCfg = Debug|Any CPU
		{6A7D0872-B1CB-4D85-827D-DDEE37A431C5}.Debug|Any CPU.Build.0 = Debug|Any CPU
		{6A7D0872-B1CB-4D85-827D-DDEE37A431C5}.Debug|x64.ActiveCfg = Debug|Any CPU
		{6A7D0872-B1CB-4D85-827D-DDEE37A431C5}.Debug|x64.Build.0 = Debug|Any CPU
		{6A7D0872-B1CB-4D85-827D-DDEE37A431C5}.Debug|x86.ActiveCfg = Debug|Any CPU
		{6A7D0872-B1CB-4D85-827D-DDEE37A431C5}.Debug|x86.Build.0 = Debug|Any CPU
		{6A7D0872-B1CB-4D85-827D-DDEE37A431C5}.Release|Any CPU.ActiveCfg = Release|Any CPU
		{6A7D0872-B1CB-4D85-827D-DDEE37A431C5}.Release|Any CPU.Build.0 = Release|Any CPU
		{6A7D0872-B1CB-4D85-827D-DDEE37A431C5}.Release|x64.ActiveCfg = Release|Any CPU
		{6A7D0872-B1CB-4D85-827D-DDEE37A431C5}.Release|x64.Build.0 = Release|Any CPU
		{6A7D0872-B1CB-4D85-827D-DDEE37A431C5}.Release|x86.ActiveCfg = Release|Any CPU
		{6A7D0872-B1CB-4D85-827D-DDEE37A431C5}.Release|x86.Build.0 = Release|Any CPU
		{713A84B6-70B4-4FFC-AAA1-9B8611912E6F}.Debug|Any CPU.ActiveCfg = Debug|Any CPU
		{713A84B6-70B4-4FFC-AAA1-9B8611912E6F}.Debug|Any CPU.Build.0 = Debug|Any CPU
		{713A84B6-70B4-4FFC-AAA1-9B8611912E6F}.Debug|x64.ActiveCfg = Debug|Any CPU
		{713A84B6-70B4-4FFC-AAA1-9B8611912E6F}.Debug|x64.Build.0 = Debug|Any CPU
		{713A84B6-70B4-4FFC-AAA1-9B8611912E6F}.Debug|x86.ActiveCfg = Debug|Any CPU
		{713A84B6-70B4-4FFC-AAA1-9B8611912E6F}.Debug|x86.Build.0 = Debug|Any CPU
		{713A84B6-70B4-4FFC-AAA1-9B8611912E6F}.Release|Any CPU.ActiveCfg = Release|Any CPU
		{713A84B6-70B4-4FFC-AAA1-9B8611912E6F}.Release|Any CPU.Build.0 = Release|Any CPU
		{713A84B6-70B4-4FFC-AAA1-9B8611912E6F}.Release|x64.ActiveCfg = Release|Any CPU
		{713A84B6-70B4-4FFC-AAA1-9B8611912E6F}.Release|x64.Build.0 = Release|Any CPU
		{713A84B6-70B4-4FFC-AAA1-9B8611912E6F}.Release|x86.ActiveCfg = Release|Any CPU
		{713A84B6-70B4-4FFC-AAA1-9B8611912E6F}.Release|x86.Build.0 = Release|Any CPU
		{11816D70-4992-46CA-A086-C0FDBE139D61}.Debug|Any CPU.ActiveCfg = Debug|Any CPU
		{11816D70-4992-46CA-A086-C0FDBE139D61}.Debug|Any CPU.Build.0 = Debug|Any CPU
		{11816D70-4992-46CA-A086-C0FDBE139D61}.Debug|x64.ActiveCfg = Debug|Any CPU
		{11816D70-4992-46CA-A086-C0FDBE139D61}.Debug|x64.Build.0 = Debug|Any CPU
		{11816D70-4992-46CA-A086-C0FDBE139D61}.Debug|x86.ActiveCfg = Debug|Any CPU
		{11816D70-4992-46CA-A086-C0FDBE139D61}.Debug|x86.Build.0 = Debug|Any CPU
		{11816D70-4992-46CA-A086-C0FDBE139D61}.Release|Any CPU.ActiveCfg = Release|Any CPU
		{11816D70-4992-46CA-A086-C0FDBE139D61}.Release|Any CPU.Build.0 = Release|Any CPU
		{11816D70-4992-46CA-A086-C0FDBE139D61}.Release|x64.ActiveCfg = Release|Any CPU
		{11816D70-4992-46CA-A086-C0FDBE139D61}.Release|x64.Build.0 = Release|Any CPU
		{11816D70-4992-46CA-A086-C0FDBE139D61}.Release|x86.ActiveCfg = Release|Any CPU
		{11816D70-4992-46CA-A086-C0FDBE139D61}.Release|x86.Build.0 = Release|Any CPU
		{13FBFFAF-5ABE-4DDD-B1BA-E690D839FDEE}.Debug|Any CPU.ActiveCfg = Debug|Any CPU
		{13FBFFAF-5ABE-4DDD-B1BA-E690D839FDEE}.Debug|Any CPU.Build.0 = Debug|Any CPU
		{13FBFFAF-5ABE-4DDD-B1BA-E690D839FDEE}.Debug|x64.ActiveCfg = Debug|Any CPU
		{13FBFFAF-5ABE-4DDD-B1BA-E690D839FDEE}.Debug|x64.Build.0 = Debug|Any CPU
		{13FBFFAF-5ABE-4DDD-B1BA-E690D839FDEE}.Debug|x86.ActiveCfg = Debug|Any CPU
		{13FBFFAF-5ABE-4DDD-B1BA-E690D839FDEE}.Debug|x86.Build.0 = Debug|Any CPU
		{13FBFFAF-5ABE-4DDD-B1BA-E690D839FDEE}.Release|Any CPU.ActiveCfg = Release|Any CPU
		{13FBFFAF-5ABE-4DDD-B1BA-E690D839FDEE}.Release|Any CPU.Build.0 = Release|Any CPU
		{13FBFFAF-5ABE-4DDD-B1BA-E690D839FDEE}.Release|x64.ActiveCfg = Release|Any CPU
		{13FBFFAF-5ABE-4DDD-B1BA-E690D839FDEE}.Release|x64.Build.0 = Release|Any CPU
		{13FBFFAF-5ABE-4DDD-B1BA-E690D839FDEE}.Release|x86.ActiveCfg = Release|Any CPU
		{13FBFFAF-5ABE-4DDD-B1BA-E690D839FDEE}.Release|x86.Build.0 = Release|Any CPU
		{003EC47F-1693-4A61-BE84-463CD888112F}.Debug|Any CPU.ActiveCfg = Debug|Any CPU
		{003EC47F-1693-4A61-BE84-463CD888112F}.Debug|Any CPU.Build.0 = Debug|Any CPU
		{003EC47F-1693-4A61-BE84-463CD888112F}.Debug|x64.ActiveCfg = Debug|Any CPU
		{003EC47F-1693-4A61-BE84-463CD888112F}.Debug|x64.Build.0 = Debug|Any CPU
		{003EC47F-1693-4A61-BE84-463CD888112F}.Debug|x86.ActiveCfg = Debug|Any CPU
		{003EC47F-1693-4A61-BE84-463CD888112F}.Debug|x86.Build.0 = Debug|Any CPU
		{003EC47F-1693-4A61-BE84-463CD888112F}.Release|Any CPU.ActiveCfg = Release|Any CPU
		{003EC47F-1693-4A61-BE84-463CD888112F}.Release|Any CPU.Build.0 = Release|Any CPU
		{003EC47F-1693-4A61-BE84-463CD888112F}.Release|x64.ActiveCfg = Release|Any CPU
		{003EC47F-1693-4A61-BE84-463CD888112F}.Release|x64.Build.0 = Release|Any CPU
		{003EC47F-1693-4A61-BE84-463CD888112F}.Release|x86.ActiveCfg = Release|Any CPU
		{003EC47F-1693-4A61-BE84-463CD888112F}.Release|x86.Build.0 = Release|Any CPU
		{A1EC7CB8-535E-4CB1-86A2-2B1350572C51}.Debug|Any CPU.ActiveCfg = Debug|Any CPU
		{A1EC7CB8-535E-4CB1-86A2-2B1350572C51}.Debug|Any CPU.Build.0 = Debug|Any CPU
		{A1EC7CB8-535E-4CB1-86A2-2B1350572C51}.Debug|x64.ActiveCfg = Debug|Any CPU
		{A1EC7CB8-535E-4CB1-86A2-2B1350572C51}.Debug|x64.Build.0 = Debug|Any CPU
		{A1EC7CB8-535E-4CB1-86A2-2B1350572C51}.Debug|x86.ActiveCfg = Debug|Any CPU
		{A1EC7CB8-535E-4CB1-86A2-2B1350572C51}.Debug|x86.Build.0 = Debug|Any CPU
		{A1EC7CB8-535E-4CB1-86A2-2B1350572C51}.Release|Any CPU.ActiveCfg = Release|Any CPU
		{A1EC7CB8-535E-4CB1-86A2-2B1350572C51}.Release|Any CPU.Build.0 = Release|Any CPU
		{A1EC7CB8-535E-4CB1-86A2-2B1350572C51}.Release|x64.ActiveCfg = Release|Any CPU
		{A1EC7CB8-535E-4CB1-86A2-2B1350572C51}.Release|x64.Build.0 = Release|Any CPU
		{A1EC7CB8-535E-4CB1-86A2-2B1350572C51}.Release|x86.ActiveCfg = Release|Any CPU
		{A1EC7CB8-535E-4CB1-86A2-2B1350572C51}.Release|x86.Build.0 = Release|Any CPU
	EndGlobalSection
	GlobalSection(SolutionProperties) = preSolution
		HideSolutionNode = FALSE
	EndGlobalSection
	GlobalSection(NestedProjects) = preSolution
		{6A7D0872-B1CB-4D85-827D-DDEE37A431C5} = {FB4BF9E5-8732-49D1-8418-905517585501}
		{713A84B6-70B4-4FFC-AAA1-9B8611912E6F} = {FB4BF9E5-8732-49D1-8418-905517585501}
		{11816D70-4992-46CA-A086-C0FDBE139D61} = {FB4BF9E5-8732-49D1-8418-905517585501}
		{13FBFFAF-5ABE-4DDD-B1BA-E690D839FDEE} = {DE1A1360-33F9-45C7-A1DE-4FC1DC65B8D8}
		{003EC47F-1693-4A61-BE84-463CD888112F} = {391F4506-BF68-4BDA-BD44-03982F813B87}
		{A1EC7CB8-535E-4CB1-86A2-2B1350572C51} = {FB4BF9E5-8732-49D1-8418-905517585501}
	EndGlobalSection
	GlobalSection(ExtensibilityGlobals) = postSolution
		SolutionGuid = {CD994440-A5EB-4218-BF74-41953DA37A01}
	EndGlobalSection
EndGlobal
